<?xml version="1.0" encoding="utf-8"?>
<Project ToolsVersion="4.0" xmlns="http://schemas.microsoft.com/developer/msbuild/2003">
  <ItemGroup>
    <ClCompile Include="$(MSBuildThisFileDirectory)Character.cpp" />
    <ClCompile Include="$(MSBuildThisFileDirectory)GameStage.cpp" />
    <ClCompile Include="$(MSBuildThisFileDirectory)Player.cpp" />
    <ClCompile Include="$(MSBuildThisFileDirectory)ProjectBehavior.cpp" />
    <ClCompile Include="$(MSBuildThisFileDirectory)ProjectShader.cpp" />
    <ClCompile Include="$(MSBuildThisFileDirectory)Scene.cpp" />
    <ClCompile Include="$(MSBuildThisFileDirectory)stageObject.cpp" />
    <ClCompile Include="$(MSBuildThisFileDirectory)WinMain.cpp" />
    <ClCompile Include="$(MSBuildThisFileDirectory)brakeWall.cpp" />
    <ClCompile Include="$(MSBuildThisFileDirectory)Wall.cpp" />
    <ClCompile Include="$(MSBuildThisFileDirectory)Boss.cpp" />
    <ClCompile Include="$(MSBuildThisFileDirectory)Enemy.cpp" />
    <ClCompile Include="$(MSBuildThisFileDirectory)MyCamera.cpp" />
  </ItemGroup>
  <ItemGroup>
    <ClInclude Include="$(MSBuildThisFileDirectory)brakeWall.h" />
    <ClInclude Include="$(MSBuildThisFileDirectory)Character.h" />
    <ClInclude Include="$(MSBuildThisFileDirectory)GameStage.h" />
    <ClInclude Include="$(MSBuildThisFileDirectory)Player.h" />
    <ClInclude Include="$(MSBuildThisFileDirectory)Project.h" />
    <ClInclude Include="$(MSBuildThisFileDirectory)ProjectBehavior.h" />
    <ClInclude Include="$(MSBuildThisFileDirectory)ProjectShader.h" />
    <ClInclude Include="$(MSBuildThisFileDirectory)Scene.h" />
    <ClInclude Include="$(MSBuildThisFileDirectory)stageObject.h" />
    <ClInclude Include="$(MSBuildThisFileDirectory)Wall.h" />
    <ClInclude Include="$(MSBuildThisFileDirectory)Boss.h" />
    <ClInclude Include="$(MSBuildThisFileDirectory)Enemy.h" />
    <ClInclude Include="$(MSBuildThisFileDirectory)MyCamera.h" />
  </ItemGroup>
  <ItemGroup>
    <ClCompile Include="$(MSBuildThisFileDirectory)Character.cpp">
      <Filter>Sources</Filter>
    </ClCompile>
    <ClCompile Include="$(MSBuildThisFileDirectory)GameStage.cpp">
      <Filter>Sources</Filter>
    </ClCompile>
    <ClCompile Include="$(MSBuildThisFileDirectory)Player.cpp">
      <Filter>Sources</Filter>
    </ClCompile>
    <ClCompile Include="$(MSBuildThisFileDirectory)ProjectShader.cpp">
      <Filter>Sources</Filter>
    </ClCompile>
    <ClCompile Include="$(MSBuildThisFileDirectory)WinMain.cpp">
      <Filter>Sources</Filter>
    </ClCompile>
    <ClCompile Include="$(MSBuildThisFileDirectory)ProjectBehavior.cpp">
      <Filter>Sources</Filter>
    </ClCompile>
    <ClCompile Include="$(MSBuildThisFileDirectory)Scene.cpp">
      <Filter>Sources</Filter>
    </ClCompile>
    <ClCompile Include="$(MSBuildThisFileDirectory)stageObject.cpp">
      <Filter>Sources</Filter>
    </ClCompile>
    <ClInclude Include="$(MSBuildThisFileDirectory)Character.h" />
    <ClInclude Include="$(MSBuildThisFileDirectory)GameStage.h" />
    <ClInclude Include="$(MSBuildThisFileDirectory)Player.h" />
    <ClInclude Include="$(MSBuildThisFileDirectory)Project.h" />
    <ClInclude Include="$(MSBuildThisFileDirectory)ProjectBehavior.h" />
    <ClInclude Include="$(MSBuildThisFileDirectory)ProjectShader.h" />
    <ClInclude Include="$(MSBuildThisFileDirectory)Scene.h" />
    <ClInclude Include="$(MSBuildThisFileDirectory)stageObject.h" />
  </ItemGroup>
</Project>